// !$*UTF8*$!
{
	archiveVersion = 1;
	classes = {
	};
	objectVersion = 46;
	objects = {

/* Begin PBXBuildFile section */
		384311B0C4D8A2C7130C02D0 /* Pods_MY_NewRebirth.framework in Frameworks */ = {isa = PBXBuildFile; fileRef = E8952CDB777D6EE73129C5FE /* Pods_MY_NewRebirth.framework */; };
		416CC1E71F5D04960023C86C /* main.m in Sources */ = {isa = PBXBuildFile; fileRef = 416CC1E61F5D04960023C86C /* main.m */; };
		416CC1EA1F5D04960023C86C /* AppDelegate.m in Sources */ = {isa = PBXBuildFile; fileRef = 416CC1E91F5D04960023C86C /* AppDelegate.m */; };
		416CC1ED1F5D04960023C86C /* ViewController.m in Sources */ = {isa = PBXBuildFile; fileRef = 416CC1EC1F5D04960023C86C /* ViewController.m */; };
		416CC1F01F5D04960023C86C /* Main.storyboard in Resources */ = {isa = PBXBuildFile; fileRef = 416CC1EE1F5D04960023C86C /* Main.storyboard */; };
		416CC1F21F5D04960023C86C /* Assets.xcassets in Resources */ = {isa = PBXBuildFile; fileRef = 416CC1F11F5D04960023C86C /* Assets.xcassets */; };
		416CC1F51F5D04960023C86C /* LaunchScreen.storyboard in Resources */ = {isa = PBXBuildFile; fileRef = 416CC1F31F5D04960023C86C /* LaunchScreen.storyboard */; };
		416CC2001F5D04960023C86C /* MY_NewRebirthTests.m in Sources */ = {isa = PBXBuildFile; fileRef = 416CC1FF1F5D04960023C86C /* MY_NewRebirthTests.m */; };
		416CC20B1F5D04960023C86C /* MY_NewRebirthUITests.m in Sources */ = {isa = PBXBuildFile; fileRef = 416CC20A1F5D04960023C86C /* MY_NewRebirthUITests.m */; };
/* End PBXBuildFile section */

/* Begin PBXContainerItemProxy section */
		416CC1FC1F5D04960023C86C /* PBXContainerItemProxy */ = {
			isa = PBXContainerItemProxy;
			containerPortal = 416CC1DA1F5D04960023C86C /* Project object */;
			proxyType = 1;
			remoteGlobalIDString = 416CC1E11F5D04960023C86C;
			remoteInfo = MY_NewRebirth;
		};
		416CC2071F5D04960023C86C /* PBXContainerItemProxy */ = {
			isa = PBXContainerItemProxy;
			containerPortal = 416CC1DA1F5D04960023C86C /* Project object */;
			proxyType = 1;
			remoteGlobalIDString = 416CC1E11F5D04960023C86C;
			remoteInfo = MY_NewRebirth;
		};
/* End PBXContainerItemProxy section */

/* Begin PBXFileReference section */
		416CC1E21F5D04960023C86C /* MY_NewRebirth.app */ = {isa = PBXFileReference; explicitFileType = wrapper.application; includeInIndex = 0; path = MY_NewRebirth.app; sourceTree = BUILT_PRODUCTS_DIR; };
		416CC1E61F5D04960023C86C /* main.m */ = {isa = PBXFileReference; lastKnownFileType = sourcecode.c.objc; path = main.m; sourceTree = "<group>"; };
		416CC1E81F5D04960023C86C /* AppDelegate.h */ = {isa = PBXFileReference; lastKnownFileType = sourcecode.c.h; path = AppDelegate.h; sourceTree = "<group>"; };
		416CC1E91F5D04960023C86C /* AppDelegate.m */ = {isa = PBXFileReference; lastKnownFileType = sourcecode.c.objc; path = AppDelegate.m; sourceTree = "<group>"; };
		416CC1EB1F5D04960023C86C /* ViewController.h */ = {isa = PBXFileReference; lastKnownFileType = sourcecode.c.h; path = ViewController.h; sourceTree = "<group>"; };
		416CC1EC1F5D04960023C86C /* ViewController.m */ = {isa = PBXFileReference; lastKnownFileType = sourcecode.c.objc; path = ViewController.m; sourceTree = "<group>"; };
		416CC1EF1F5D04960023C86C /* Base */ = {isa = PBXFileReference; lastKnownFileType = file.storyboard; name = Base; path = Base.lproj/Main.storyboard; sourceTree = "<group>"; };
		416CC1F11F5D04960023C86C /* Assets.xcassets */ = {isa = PBXFileReference; lastKnownFileType = folder.assetcatalog; path = Assets.xcassets; sourceTree = "<group>"; };
		416CC1F41F5D04960023C86C /* Base */ = {isa = PBXFileReference; lastKnownFileType = file.storyboard; name = Base; path = Base.lproj/LaunchScreen.storyboard; sourceTree = "<group>"; };
		416CC1F61F5D04960023C86C /* Info.plist */ = {isa = PBXFileReference; lastKnownFileType = text.plist.xml; path = Info.plist; sourceTree = "<group>"; };
		416CC1FB1F5D04960023C86C /* MY_NewRebirthTests.xctest */ = {isa = PBXFileReference; explicitFileType = wrapper.cfbundle; includeInIndex = 0; path = MY_NewRebirthTests.xctest; sourceTree = BUILT_PRODUCTS_DIR; };
		416CC1FF1F5D04960023C86C /* MY_NewRebirthTests.m */ = {isa = PBXFileReference; lastKnownFileType = sourcecode.c.objc; path = MY_NewRebirthTests.m; sourceTree = "<group>"; };
		416CC2011F5D04960023C86C /* Info.plist */ = {isa = PBXFileReference; lastKnownFileType = text.plist.xml; path = Info.plist; sourceTree = "<group>"; };
		416CC2061F5D04960023C86C /* MY_NewRebirthUITests.xctest */ = {isa = PBXFileReference; explicitFileType = wrapper.cfbundle; includeInIndex = 0; path = MY_NewRebirthUITests.xctest; sourceTree = BUILT_PRODUCTS_DIR; };
		416CC20A1F5D04960023C86C /* MY_NewRebirthUITests.m */ = {isa = PBXFileReference; lastKnownFileType = sourcecode.c.objc; path = MY_NewRebirthUITests.m; sourceTree = "<group>"; };
		416CC20C1F5D04960023C86C /* Info.plist */ = {isa = PBXFileReference; lastKnownFileType = text.plist.xml; path = Info.plist; sourceTree = "<group>"; };
		A57E5C2868D58C8CF1220457 /* Pods-MY_NewRebirth.debug.xcconfig */ = {isa = PBXFileReference; includeInIndex = 1; lastKnownFileType = text.xcconfig; name = "Pods-MY_NewRebirth.debug.xcconfig"; path = "Pods/Target Support Files/Pods-MY_NewRebirth/Pods-MY_NewRebirth.debug.xcconfig"; sourceTree = "<group>"; };
		C3FCD69937C09EB259A57C40 /* Pods-MY_NewRebirth.release.xcconfig */ = {isa = PBXFileReference; includeInIndex = 1; lastKnownFileType = text.xcconfig; name = "Pods-MY_NewRebirth.release.xcconfig"; path = "Pods/Target Support Files/Pods-MY_NewRebirth/Pods-MY_NewRebirth.release.xcconfig"; sourceTree = "<group>"; };
		E8952CDB777D6EE73129C5FE /* Pods_MY_NewRebirth.framework */ = {isa = PBXFileReference; explicitFileType = wrapper.framework; includeInIndex = 0; path = Pods_MY_NewRebirth.framework; sourceTree = BUILT_PRODUCTS_DIR; };
/* End PBXFileReference section */

/* Begin PBXFrameworksBuildPhase section */
		416CC1DF1F5D04960023C86C /* Frameworks */ = {
			isa = PBXFrameworksBuildPhase;
			buildActionMask = 2147483647;
			files = (
				384311B0C4D8A2C7130C02D0 /* Pods_MY_NewRebirth.framework in Frameworks */,
			);
			runOnlyForDeploymentPostprocessing = 0;
		};
		416CC1F81F5D04960023C86C /* Frameworks */ = {
			isa = PBXFrameworksBuildPhase;
			buildActionMask = 2147483647;
			files = (
			);
			runOnlyForDeploymentPostprocessing = 0;
		};
		416CC2031F5D04960023C86C /* Frameworks */ = {
			isa = PBXFrameworksBuildPhase;
			buildActionMask = 2147483647;
			files = (
			);
			runOnlyForDeploymentPostprocessing = 0;
		};
/* End PBXFrameworksBuildPhase section */

/* Begin PBXGroup section */
		416CC1D91F5D04960023C86C = {
			isa = PBXGroup;
			children = (
				416CC1E41F5D04960023C86C /* MY_NewRebirth */,
				416CC1FE1F5D04960023C86C /* MY_NewRebirthTests */,
				416CC2091F5D04960023C86C /* MY_NewRebirthUITests */,
				416CC1E31F5D04960023C86C /* Products */,
				CD18B9F9CFFAF1592A8987C0 /* Pods */,
				653F207F8D0DE3A6E2F0E501 /* Frameworks */,
			);
			sourceTree = "<group>";
		};
		416CC1E31F5D04960023C86C /* Products */ = {
			isa = PBXGroup;
			children = (
				416CC1E21F5D04960023C86C /* MY_NewRebirth.app */,
				416CC1FB1F5D04960023C86C /* MY_NewRebirthTests.xctest */,
				416CC2061F5D04960023C86C /* MY_NewRebirthUITests.xctest */,
			);
			name = Products;
			sourceTree = "<group>";
		};
		416CC1E41F5D04960023C86C /* MY_NewRebirth */ = {
			isa = PBXGroup;
			children = (
				416CC2181F5D08170023C86C /* Other */,
			);
			path = MY_NewRebirth;
			sourceTree = "<group>";
		};
		416CC1E51F5D04960023C86C /* Supporting Files */ = {
			isa = PBXGroup;
			children = (
				416CC1E61F5D04960023C86C /* main.m */,
			);
			name = "Supporting Files";
			sourceTree = "<group>";
		};
		416CC1FE1F5D04960023C86C /* MY_NewRebirthTests */ = {
			isa = PBXGroup;
			children = (
				416CC1FF1F5D04960023C86C /* MY_NewRebirthTests.m */,
				416CC2011F5D04960023C86C /* Info.plist */,
			);
			path = MY_NewRebirthTests;
			sourceTree = "<group>";
		};
		416CC2091F5D04960023C86C /* MY_NewRebirthUITests */ = {
			isa = PBXGroup;
			children = (
				416CC20A1F5D04960023C86C /* MY_NewRebirthUITests.m */,
				416CC20C1F5D04960023C86C /* Info.plist */,
			);
			path = MY_NewRebirthUITests;
			sourceTree = "<group>";
		};
		416CC2181F5D08170023C86C /* Other */ = {
			isa = PBXGroup;
			children = (
				416CC1E81F5D04960023C86C /* AppDelegate.h */,
				416CC1E91F5D04960023C86C /* AppDelegate.m */,
				416CC1EB1F5D04960023C86C /* ViewController.h */,
				416CC1EC1F5D04960023C86C /* ViewController.m */,
				416CC1EE1F5D04960023C86C /* Main.storyboard */,
				416CC1F11F5D04960023C86C /* Assets.xcassets */,
				416CC1F31F5D04960023C86C /* LaunchScreen.storyboard */,
				416CC1F61F5D04960023C86C /* Info.plist */,
				416CC1E51F5D04960023C86C /* Supporting Files */,
			);
			name = Other;
			sourceTree = "<group>";
		};
		653F207F8D0DE3A6E2F0E501 /* Frameworks */ = {
			isa = PBXGroup;
			children = (
				E8952CDB777D6EE73129C5FE /* Pods_MY_NewRebirth.framework */,
			);
			name = Frameworks;
			sourceTree = "<group>";
		};
		CD18B9F9CFFAF1592A8987C0 /* Pods */ = {
			isa = PBXGroup;
			children = (
				A57E5C2868D58C8CF1220457 /* Pods-MY_NewRebirth.debug.xcconfig */,
				C3FCD69937C09EB259A57C40 /* Pods-MY_NewRebirth.release.xcconfig */,
			);
			name = Pods;
			sourceTree = "<group>";
		};
/* End PBXGroup section */

/* Begin PBXNativeTarget section */
		416CC1E11F5D04960023C86C /* MY_NewRebirth */ = {
			isa = PBXNativeTarget;
			buildConfigurationList = 416CC20F1F5D04960023C86C /* Build configuration list for PBXNativeTarget "MY_NewRebirth" */;
			buildPhases = (
				EC560DFB8BFC961DFA99F845 /* [CP] Check Pods Manifest.lock */,
				416CC1DE1F5D04960023C86C /* Sources */,
				416CC1DF1F5D04960023C86C /* Frameworks */,
				416CC1E01F5D04960023C86C /* Resources */,
				D7E4730BC5790EA6899963F4 /* [CP] Embed Pods Frameworks */,
				BAE4B0CA8CBB1B2B91EDD977 /* [CP] Copy Pods Resources */,
			);
			buildRules = (
			);
			dependencies = (
			);
			name = MY_NewRebirth;
			productName = MY_NewRebirth;
			productReference = 416CC1E21F5D04960023C86C /* MY_NewRebirth.app */;
			productType = "com.apple.product-type.application";
		};
		416CC1FA1F5D04960023C86C /* MY_NewRebirthTests */ = {
			isa = PBXNativeTarget;
			buildConfigurationList = 416CC2121F5D04960023C86C /* Build configuration list for PBXNativeTarget "MY_NewRebirthTests" */;
			buildPhases = (
				416CC1F71F5D04960023C86C /* Sources */,
				416CC1F81F5D04960023C86C /* Frameworks */,
				416CC1F91F5D04960023C86C /* Resources */,
			);
			buildRules = (
			);
			dependencies = (
				416CC1FD1F5D04960023C86C /* PBXTargetDependency */,
			);
			name = MY_NewRebirthTests;
			productName = MY_NewRebirthTests;
			productReference = 416CC1FB1F5D04960023C86C /* MY_NewRebirthTests.xctest */;
			productType = "com.apple.product-type.bundle.unit-test";
		};
		416CC2051F5D04960023C86C /* MY_NewRebirthUITests */ = {
			isa = PBXNativeTarget;
			buildConfigurationList = 416CC2151F5D04960023C86C /* Build configuration list for PBXNativeTarget "MY_NewRebirthUITests" */;
			buildPhases = (
				416CC2021F5D04960023C86C /* Sources */,
				416CC2031F5D04960023C86C /* Frameworks */,
				416CC2041F5D04960023C86C /* Resources */,
			);
			buildRules = (
			);
			dependencies = (
				416CC2081F5D04960023C86C /* PBXTargetDependency */,
			);
			name = MY_NewRebirthUITests;
			productName = MY_NewRebirthUITests;
			productReference = 416CC2061F5D04960023C86C /* MY_NewRebirthUITests.xctest */;
			productType = "com.apple.product-type.bundle.ui-testing";
		};
/* End PBXNativeTarget section */

/* Begin PBXProject section */
		416CC1DA1F5D04960023C86C /* Project object */ = {
			isa = PBXProject;
			attributes = {
				LastUpgradeCheck = 0830;
				ORGANIZATIONNAME = meiyang;
				TargetAttributes = {
					416CC1E11F5D04960023C86C = {
						CreatedOnToolsVersion = 8.3.3;
						DevelopmentTeam = 3H958E4V48;
						ProvisioningStyle = Automatic;
					};
					416CC1FA1F5D04960023C86C = {
						CreatedOnToolsVersion = 8.3.3;
						DevelopmentTeam = 3H958E4V48;
						ProvisioningStyle = Automatic;
						TestTargetID = 416CC1E11F5D04960023C86C;
					};
					416CC2051F5D04960023C86C = {
						CreatedOnToolsVersion = 8.3.3;
						DevelopmentTeam = 3H958E4V48;
						ProvisioningStyle = Automatic;
						TestTargetID = 416CC1E11F5D04960023C86C;
					};
				};
			};
			buildConfigurationList = 416CC1DD1F5D04960023C86C /* Build configuration list for PBXProject "MY_NewRebirth" */;
			compatibilityVersion = "Xcode 3.2";
			developmentRegion = English;
			hasScannedForEncodings = 0;
			knownRegions = (
				en,
				Base,
			);
			mainGroup = 416CC1D91F5D04960023C86C;
			productRefGroup = 416CC1E31F5D04960023C86C /* Products */;
			projectDirPath = "";
			projectRoot = "";
			targets = (
				416CC1E11F5D04960023C86C /* MY_NewRebirth */,
				416CC1FA1F5D04960023C86C /* MY_NewRebirthTests */,
				416CC2051F5D04960023C86C /* MY_NewRebirthUITests */,
			);
		};
/* End PBXProject section */

/* Begin PBXResourcesBuildPhase section */
		416CC1E01F5D04960023C86C /* Resources */ = {
			isa = PBXResourcesBuildPhase;
			buildActionMask = 2147483647;
			files = (
				416CC1F51F5D04960023C86C /* LaunchScreen.storyboard in Resources */,
				416CC1F21F5D04960023C86C /* Assets.xcassets in Resources */,
				416CC1F01F5D04960023C86C /* Main.storyboard in Resources */,
			);
			runOnlyForDeploymentPostprocessing = 0;
		};
		416CC1F91F5D04960023C86C /* Resources */ = {
			isa = PBXResourcesBuildPhase;
			buildActionMask = 2147483647;
			files = (
			);
			runOnlyForDeploymentPostprocessing = 0;
		};
		416CC2041F5D04960023C86C /* Resources */ = {
			isa = PBXResourcesBuildPhase;
			buildActionMask = 2147483647;
			files = (
			);
			runOnlyForDeploymentPostprocessing = 0;
		};
/* End PBXResourcesBuildPhase section */

/* Begin PBXShellScriptBuildPhase section */
		BAE4B0CA8CBB1B2B91EDD977 /* [CP] Copy Pods Resources */ = {
			isa = PBXShellScriptBuildPhase;
			buildActionMask = 2147483647;
			files = (
			);
			inputPaths = (
			);
			name = "[CP] Copy Pods Resources";
			outputPaths = (
			);
			runOnlyForDeploymentPostprocessing = 0;
			shellPath = /bin/sh;
			shellScript = "\"${SRCROOT}/Pods/Target Support Files/Pods-MY_NewRebirth/Pods-MY_NewRebirth-resources.sh\"\n";
			showEnvVarsInLog = 0;
		};
		D7E4730BC5790EA6899963F4 /* [CP] Embed Pods Frameworks */ = {
			isa = PBXShellScriptBuildPhase;
			buildActionMask = 2147483647;
			files = (
			);
			inputPaths = (
			);
			name = "[CP] Embed Pods Frameworks";
			outputPaths = (
			);
			runOnlyForDeploymentPostprocessing = 0;
			shellPath = /bin/sh;
			shellScript = "\"${SRCROOT}/Pods/Target Support Files/Pods-MY_NewRebirth/Pods-MY_NewRebirth-frameworks.sh\"\n";
			showEnvVarsInLog = 0;
		};
		EC560DFB8BFC961DFA99F845 /* [CP] Check Pods Manifest.lock */ = {
			isa = PBXShellScriptBuildPhase;
			buildActionMask = 2147483647;
			files = (
			);
			inputPaths = (
			);
			name = "[CP] Check Pods Manifest.lock";
			outputPaths = (
			);
			runOnlyForDeploymentPostprocessing = 0;
			shellPath = /bin/sh;
			shellScript = "diff \"${PODS_PODFILE_DIR_PATH}/Podfile.lock\" \"${PODS_ROOT}/Manifest.lock\" > /dev/null\nif [ $? != 0 ] ; then\n    # print error to STDERR\n    echo \"error: The sandbox is not in sync with the Podfile.lock. Run 'pod install' or update your CocoaPods installation.\" >&2\n    exit 1\nfi\n";
			showEnvVarsInLog = 0;
		};
/* End PBXShellScriptBuildPhase section */

/* Begin PBXSourcesBuildPhase section */
		416CC1DE1F5D04960023C86C /* Sources */ = {
			isa = PBXSourcesBuildPhase;
			buildActionMask = 2147483647;
			files = (
				416CC1ED1F5D04960023C86C /* ViewController.m in Sources */,
				416CC1EA1F5D04960023C86C /* AppDelegate.m in Sources */,
				416CC1E71F5D04960023C86C /* main.m in Sources */,
			);
			runOnlyForDeploymentPostprocessing = 0;
		};
		416CC1F71F5D04960023C86C /* Sources */ = {
			isa = PBXSourcesBuildPhase;
			buildActionMask = 2147483647;
			files = (
				416CC2001F5D04960023C86C /* MY_NewRebirthTests.m in Sources */,
			);
			runOnlyForDeploymentPostprocessing = 0;
		};
		416CC2021F5D04960023C86C /* Sources */ = {
			isa = PBXSourcesBuildPhase;
			buildActionMask = 2147483647;
			files = (
				416CC20B1F5D04960023C86C /* MY_NewRebirthUITests.m in Sources */,
			);
			runOnlyForDeploymentPostprocessing = 0;
		};
/* End PBXSourcesBuildPhase section */

/* Begin PBXTargetDependency section */
		416CC1FD1F5D04960023C86C /* PBXTargetDependency */ = {
			isa = PBXTargetDependency;
			target = 416CC1E11F5D04960023C86C /* MY_NewRebirth */;
			targetProxy = 416CC1FC1F5D04960023C86C /* PBXContainerItemProxy */;
		};
		416CC2081F5D04960023C86C /* PBXTargetDependency */ = {
			isa = PBXTargetDependency;
			target = 416CC1E11F5D04960023C86C /* MY_NewRebirth */;
			targetProxy = 416CC2071F5D04960023C86C /* PBXContainerItemProxy */;
		};
/* End PBXTargetDependency section */

/* Begin PBXVariantGroup section */
		416CC1EE1F5D04960023C86C /* Main.storyboard */ = {
			isa = PBXVariantGroup;
			children = (
				416CC1EF1F5D04960023C86C /* Base */,
			);
			name = Main.storyboard;
			sourceTree = "<group>";
		};
		416CC1F31F5D04960023C86C /* LaunchScreen.storyboard */ = {
			isa = PBXVariantGroup;
			children = (
				416CC1F41F5D04960023C86C /* Base */,
			);
			name = LaunchScreen.storyboard;
			sourceTree = "<group>";
		};
/* End PBXVariantGroup section */

/* Begin XCBuildConfiguration section */
		416CC20D1F5D04960023C86C /* Debug */ = {
			isa = XCBuildConfiguration;
			buildSettings = {
				ALWAYS_SEARCH_USER_PATHS = NO;
				CLANG_ANALYZER_NONNULL = YES;
				CLANG_ANALYZER_NUMBER_OBJECT_CONVERSION = YES_AGGRESSIVE;
				CLANG_CXX_LANGUAGE_STANDARD = "gnu++0x";
				CLANG_CXX_LIBRARY = "libc++";
				CLANG_ENABLE_MODULES = YES;
				CLANG_ENABLE_OBJC_ARC = YES;
				CLANG_WARN_BOOL_CONVERSION = YES;
				CLANG_WARN_CONSTANT_CONVERSION = YES;
				CLANG_WARN_DIRECT_OBJC_ISA_USAGE = YES_ERROR;
				CLANG_WARN_DOCUMENTATION_COMMENTS = YES;
				CLANG_WARN_EMPTY_BODY = YES;
				CLANG_WARN_ENUM_CONVERSION = YES;
				CLANG_WARN_INFINITE_RECURSION = YES;
				CLANG_WARN_INT_CONVERSION = YES;
				CLANG_WARN_OBJC_ROOT_CLASS = YES_ERROR;
				CLANG_WARN_SUSPICIOUS_MOVE = YES;
				CLANG_WARN_UNREACHABLE_CODE = YES;
				CLANG_WARN__DUPLICATE_METHOD_MATCH = YES;
				"CODE_SIGN_IDENTITY[sdk=iphoneos*]" = "iPhone Developer";
				COPY_PHASE_STRIP = NO;
				DEBUG_INFORMATION_FORMAT = dwarf;
				ENABLE_STRICT_OBJC_MSGSEND = YES;
				ENABLE_TESTABILITY = YES;
				GCC_C_LANGUAGE_STANDARD = gnu99;
				GCC_DYNAMIC_NO_PIC = NO;
				GCC_NO_COMMON_BLOCKS = YES;
				GCC_OPTIMIZATION_LEVEL = 0;
				GCC_PREPROCESSOR_DEFINITIONS = (
					"DEBUG=1",
					"$(inherited)",
				);
				GCC_WARN_64_TO_32_BIT_CONVERSION = YES;
				GCC_WARN_ABOUT_RETURN_TYPE = YES_ERROR;
				GCC_WARN_UNDECLARED_SELECTOR = YES;
				GCC_WARN_UNINITIALIZED_AUTOS = YES_AGGRESSIVE;
				GCC_WARN_UNUSED_FUNCTION = YES;
				GCC_WARN_UNUSED_VARIABLE = YES;
				IPHONEOS_DEPLOYMENT_TARGET = 10.3;
				MTL_ENABLE_DEBUG_INFO = YES;
				ONLY_ACTIVE_ARCH = YES;
				SDKROOT = iphoneos;
			};
			name = Debug;
		};
		416CC20E1F5D04960023C86C /* Release */ = {
			isa = XCBuildConfiguration;
			buildSettings = {
				ALWAYS_SEARCH_USER_PATHS = NO;
				CLANG_ANALYZER_NONNULL = YES;
				CLANG_ANALYZER_NUMBER_OBJECT_CONVERSION = YES_AGGRESSIVE;
				CLANG_CXX_LANGUAGE_STANDARD = "gnu++0x";
				CLANG_CXX_LIBRARY = "libc++";
				CLANG_ENABLE_MODULES = YES;
				CLANG_ENABLE_OBJC_ARC = YES;
				CLANG_WARN_BOOL_CONVERSION = YES;
				CLANG_WARN_CONSTANT_CONVERSION = YES;
				CLANG_WARN_DIRECT_OBJC_ISA_USAGE = YES_ERROR;
				CLANG_WARN_DOCUMENTATION_COMMENTS = YES;
				CLANG_WARN_EMPTY_BODY = YES;
				CLANG_WARN_ENUM_CONVERSION = YES;
				CLANG_WARN_INFINITE_RECURSION = YES;
				CLANG_WARN_INT_CONVERSION = YES;
				CLANG_WARN_OBJC_ROOT_CLASS = YES_ERROR;
				CLANG_WARN_SUSPICIOUS_MOVE = YES;
				CLANG_WARN_UNREACHABLE_CODE = YES;
				CLANG_WARN__DUPLICATE_METHOD_MATCH = YES;
				"CODE_SIGN_IDENTITY[sdk=iphoneos*]" = "iPhone Developer";
				COPY_PHASE_STRIP = NO;
				DEBUG_INFORMATION_FORMAT = "dwarf-with-dsym";
				ENABLE_NS_ASSERTIONS = NO;
				ENABLE_STRICT_OBJC_MSGSEND = YES;
				GCC_C_LANGUAGE_STANDARD = gnu99;
				GCC_NO_COMMON_BLOCKS = YES;
				GCC_WARN_64_TO_32_BIT_CONVERSION = YES;
				GCC_WARN_ABOUT_RETURN_TYPE = YES_ERROR;
				GCC_WARN_UNDECLARED_SELECTOR = YES;
				GCC_WARN_UNINITIALIZED_AUTOS = YES_AGGRESSIVE;
				GCC_WARN_UNUSED_FUNCTION = YES;
				GCC_WARN_UNUSED_VARIABLE = YES;
				IPHONEOS_DEPLOYMENT_TARGET = 10.3;
				MTL_ENABLE_DEBUG_INFO = NO;
				SDKROOT = iphoneos;
				VALIDATE_PRODUCT = YES;
			};
			name = Release;
		};
		416CC2101F5D04960023C86C /* Debug */ = {
			isa = XCBuildConfiguration;
			baseConfigurationReference = A57E5C2868D58C8CF1220457 /* Pods-MY_NewRebirth.debug.xcconfig */;
			buildSettings = {
				ASSETCATALOG_COMPILER_APPICON_NAME = AppIcon;
				DEVELOPMENT_TEAM = 3H958E4V48;
				INFOPLIST_FILE = MY_NewRebirth/Info.plist;
				LD_RUNPATH_SEARCH_PATHS = "$(inherited) @executable_path/Frameworks";
				PRODUCT_BUNDLE_IDENTIFIER = "personal.meiyang.MY-NewRebirth";
				PRODUCT_NAME = "$(TARGET_NAME)";
			};
			name = Debug;
		};
		416CC2111F5D04960023C86C /* Release */ = {
			isa = XCBuildConfiguration;
			baseConfigurationReference = C3FCD69937C09EB259A57C40 /* Pods-MY_NewRebirth.release.xcconfig */;
			buildSettings = {
				ASSETCATALOG_COMPILER_APPICON_NAME = AppIcon;
				DEVELOPMENT_TEAM = 3H958E4V48;
				INFOPLIST_FILE = MY_NewRebirth/Info.plist;
				LD_RUNPATH_SEARCH_PATHS = "$(inherited) @executable_path/Frameworks";
				PRODUCT_BUNDLE_IDENTIFIER = "personal.meiyang.MY-NewRebirth";
				PRODUCT_NAME = "$(TARGET_NAME)";
			};
			name = Release;
		};
		416CC2131F5D04960023C86C /* Debug */ = {
			isa = XCBuildConfiguration;
			buildSettings = {
				BUNDLE_LOADER = "$(TEST_HOST)";
				DEVELOPMENT_TEAM = 3H958E4V48;
				INFOPLIST_FILE = MY_NewRebirthTests/Info.plist;
				LD_RUNPATH_SEARCH_PATHS = "$(inherited) @executable_path/Frameworks @loader_path/Frameworks";
				PRODUCT_BUNDLE_IDENTIFIER = "personal.meiyang.MY-NewRebirthTests";
				PRODUCT_NAME = "$(TARGET_NAME)";
				TEST_HOST = "$(BUILT_PRODUCTS_DIR)/MY_NewRebirth.app/MY_NewRebirth";
			};
			name = Debug;
		};
		416CC2141F5D04960023C86C /* Release */ = {
			isa = XCBuildConfiguration;
			buildSettings = {
				BUNDLE_LOADER = "$(TEST_HOST)";
				DEVELOPMENT_TEAM = 3H958E4V48;
				INFOPLIST_FILE = MY_NewRebirthTests/Info.plist;
				LD_RUNPATH_SEARCH_PATHS = "$(inherited) @executable_path/Frameworks @loader_path/Frameworks";
				PRODUCT_BUNDLE_IDENTIFIER = "personal.meiyang.MY-NewRebirthTests";
				PRODUCT_NAME = "$(TARGET_NAME)";
				TEST_HOST = "$(BUILT_PRODUCTS_DIR)/MY_NewRebirth.app/MY_NewRebirth";
			};
			name = Release;
		};
		416CC2161F5D04960023C86C /* Debug */ = {
			isa = XCBuildConfiguration;
			buildSettings = {
				DEVELOPMENT_TEAM = 3H958E4V48;
				INFOPLIST_FILE = MY_NewRebirthUITests/Info.plist;
				LD_RUNPATH_SEARCH_PATHS = "$(inherited) @executable_path/Frameworks @loader_path/Frameworks";
				PRODUCT_BUNDLE_IDENTIFIER = "personal.meiyang.MY-NewRebirthUITests";
				PRODUCT_NAME = "$(TARGET_NAME)";
				TEST_TARGET_NAME = MY_NewRebirth;
			};
			name = Debug;
		};
		416CC2171F5D04960023C86C /* Release */ = {
			isa = XCBuildConfiguration;
			buildSettings = {
				DEVELOPMENT_TEAM = 3H958E4V48;
				INFOPLIST_FILE = MY_NewRebirthUITests/Info.plist;
				LD_RUNPATH_SEARCH_PATHS = "$(inherited) @executable_path/Frameworks @loader_path/Frameworks";
				PRODUCT_BUNDLE_IDENTIFIER = "personal.meiyang.MY-NewRebirthUITests";
				PRODUCT_NAME = "$(TARGET_NAME)";
				TEST_TARGET_NAME = MY_NewRebirth;
			};
			name = Release;
		};
/* End XCBuildConfiguration section */

/* Begin XCConfigurationList section */
		416CC1DD1F5D04960023C86C /* Build configuration list for PBXProject "MY_NewRebirth" */ = {
			isa = XCConfigurationList;
			buildConfigurations = (
				416CC20D1F5D04960023C86C /* Debug */,
				416CC20E1F5D04960023C86C /* Release */,
			);
			defaultConfigurationIsVisible = 0;
			defaultConfigurationName = Release;
		};
		416CC20F1F5D04960023C86C /* Build configuration list for PBXNativeTarget "MY_NewRebirth" */ = {
			isa = XCConfigurationList;
			buildConfigurations = (
				416CC2101F5D04960023C86C /* Debug */,
				416CC2111F5D04960023C86C /* Release */,
			);
			defaultConfigurationIsVisible = 0;
			defaultConfigurationName = Release;
		};
		416CC2121F5D04960023C86C /* Build configuration list for PBXNativeTarget "MY_NewRebirthTests" */ = {
			isa = XCConfigurationList;
			buildConfigurations = (
				416CC2131F5D04960023C86C /* Debug */,
				416CC2141F5D04960023C86C /* Release */,
			);
			defaultConfigurationIsVisible = 0;
			defaultConfigurationName = Release;
		};
		416CC2151F5D04960023C86C /* Build configuration list for PBXNativeTarget "MY_NewRebirthUITests" */ = {
			isa = XCConfigurationList;
			buildConfigurations = (
				416CC2161F5D04960023C86C /* Debug */,
				416CC2171F5D04960023C86C /* Release */,
			);
			defaultConfigurationIsVisible = 0;
			defaultConfigurationName = Release;
		};
/* End XCConfigurationList section */
	};
	rootObject = 416CC1DA1F5D04960023C86C /* Project object */;
}
